
Microsoft Visual Studio Solution File, Format Version 11.00
# Visual Studio 2010
Project("{FAE04EC0-301F-11D3-BF4B-00C04F79EFBC}") = "SwiftMovie", "SwiftMovie\SwiftMovie.csproj", "{53A8D1DB-B71F-47DD-9C46-97A087933259}"
EndProject
Project("{FAE04EC0-301F-11D3-BF4B-00C04F79EFBC}") = "Model", "Model\Model.csproj", "{10E46777-5008-41B1-B88C-C717B56E5D27}"
EndProject
Project("{FAE04EC0-301F-11D3-BF4B-00C04F79EFBC}") = "IDAL", "IDAL\IDAL.csproj", "{94A237F5-2268-4896-9A1C-C158DC4CAC79}"
EndProject
Project("{FAE04EC0-301F-11D3-BF4B-00C04F79EFBC}") = "DBUtility", "DBUtility\DBUtility.csproj", "{23647F92-BCCE-49DE-88B5-13072A1480BC}"
EndProject
Project("{FAE04EC0-301F-11D3-BF4B-00C04F79EFBC}") = "SqlServerDAL", "SqlServerDAL\SqlServerDAL.csproj", "{5B0E83BF-FD0B-4FC0-8D3D-D704601337FD}"
EndProject
Project("{FAE04EC0-301F-11D3-BF4B-00C04F79EFBC}") = "DALFactory", "DALFactory\DALFactory.csproj", "{C217717C-2A96-4843-849B-C5694663B6D0}"
EndProject
Project("{FAE04EC0-301F-11D3-BF4B-00C04F79EFBC}") = "BLL", "BLL\BLL.csproj", "{8C594FCF-476D-4B50-9823-6E45F09D072B}"
EndProject
Project("{FAE04EC0-301F-11D3-BF4B-00C04F79EFBC}") = "SPUtility", "SPUtility\SPUtility.csproj", "{1DDC4589-682A-439A-A46C-82FED1DD8578}"
EndProject
Project("{FAE04EC0-301F-11D3-BF4B-00C04F79EFBC}") = "ISpider", "ISpider\ISpider.csproj", "{8629D616-618D-4F89-B282-818A62D8B8E3}"
EndProject
Project("{FAE04EC0-301F-11D3-BF4B-00C04F79EFBC}") = "SpiderDAL", "SpiderDAL\SpiderDAL.csproj", "{781352D6-BC40-4E5C-A8B7-27AD0848651B}"
EndProject
Project("{FAE04EC0-301F-11D3-BF4B-00C04F79EFBC}") = "SystemBLL", "SystemBLL\SystemBLL.csproj", "{51B00B4E-A793-492B-9F46-57B1D198E8DB}"
EndProject
Project("{FAE04EC0-301F-11D3-BF4B-00C04F79EFBC}") = "TestOne", "TestOne\TestOne.csproj", "{7D31DFBA-EEBD-4D67-8621-A505D3580B6D}"
EndProject
Global
	GlobalSection(SolutionConfigurationPlatforms) = preSolution
		Debug|Any CPU = Debug|Any CPU
		Debug|Mixed Platforms = Debug|Mixed Platforms
		Debug|Win32 = Debug|Win32
		Debug|x86 = Debug|x86
		Release|Any CPU = Release|Any CPU
		Release|Mixed Platforms = Release|Mixed Platforms
		Release|Win32 = Release|Win32
		Release|x86 = Release|x86
	EndGlobalSection
	GlobalSection(ProjectConfigurationPlatforms) = postSolution
		{53A8D1DB-B71F-47DD-9C46-97A087933259}.Debug|Any CPU.ActiveCfg = Debug|Any CPU
		{53A8D1DB-B71F-47DD-9C46-97A087933259}.Debug|Any CPU.Build.0 = Debug|Any CPU
		{53A8D1DB-B71F-47DD-9C46-97A087933259}.Debug|Mixed Platforms.ActiveCfg = Debug|Any CPU
		{53A8D1DB-B71F-47DD-9C46-97A087933259}.Debug|Mixed Platforms.Build.0 = Debug|Any CPU
		{53A8D1DB-B71F-47DD-9C46-97A087933259}.Debug|Win32.ActiveCfg = Debug|Any CPU
		{53A8D1DB-B71F-47DD-9C46-97A087933259}.Debug|x86.ActiveCfg = Debug|Any CPU
		{53A8D1DB-B71F-47DD-9C46-97A087933259}.Release|Any CPU.ActiveCfg = Release|Any CPU
		{53A8D1DB-B71F-47DD-9C46-97A087933259}.Release|Any CPU.Build.0 = Release|Any CPU
		{53A8D1DB-B71F-47DD-9C46-97A087933259}.Release|Mixed Platforms.ActiveCfg = Release|Any CPU
		{53A8D1DB-B71F-47DD-9C46-97A087933259}.Release|Mixed Platforms.Build.0 = Release|Any CPU
		{53A8D1DB-B71F-47DD-9C46-97A087933259}.Release|Win32.ActiveCfg = Release|Any CPU
		{53A8D1DB-B71F-47DD-9C46-97A087933259}.Release|x86.ActiveCfg = Release|Any CPU
		{10E46777-5008-41B1-B88C-C717B56E5D27}.Debug|Any CPU.ActiveCfg = Debug|Any CPU
		{10E46777-5008-41B1-B88C-C717B56E5D27}.Debug|Any CPU.Build.0 = Debug|Any CPU
		{10E46777-5008-41B1-B88C-C717B56E5D27}.Debug|Mixed Platforms.ActiveCfg = Debug|Any CPU
		{10E46777-5008-41B1-B88C-C717B56E5D27}.Debug|Mixed Platforms.Build.0 = Debug|Any CPU
		{10E46777-5008-41B1-B88C-C717B56E5D27}.Debug|Win32.ActiveCfg = Debug|Any CPU
		{10E46777-5008-41B1-B88C-C717B56E5D27}.Debug|x86.ActiveCfg = Debug|Any CPU
		{10E46777-5008-41B1-B88C-C717B56E5D27}.Release|Any CPU.ActiveCfg = Release|Any CPU
		{10E46777-5008-41B1-B88C-C717B56E5D27}.Release|Any CPU.Build.0 = Release|Any CPU
		{10E46777-5008-41B1-B88C-C717B56E5D27}.Release|Mixed Platforms.ActiveCfg = Release|Any CPU
		{10E46777-5008-41B1-B88C-C717B56E5D27}.Release|Mixed Platforms.Build.0 = Release|Any CPU
		{10E46777-5008-41B1-B88C-C717B56E5D27}.Release|Win32.ActiveCfg = Release|Any CPU
		{10E46777-5008-41B1-B88C-C717B56E5D27}.Release|x86.ActiveCfg = Release|Any CPU
		{94A237F5-2268-4896-9A1C-C158DC4CAC79}.Debug|Any CPU.ActiveCfg = Debug|Any CPU
		{94A237F5-2268-4896-9A1C-C158DC4CAC79}.Debug|Any CPU.Build.0 = Debug|Any CPU
		{94A237F5-2268-4896-9A1C-C158DC4CAC79}.Debug|Mixed Platforms.ActiveCfg = Debug|Any CPU
		{94A237F5-2268-4896-9A1C-C158DC4CAC79}.Debug|Mixed Platforms.Build.0 = Debug|Any CPU
		{94A237F5-2268-4896-9A1C-C158DC4CAC79}.Debug|Win32.ActiveCfg = Debug|Any CPU
		{94A237F5-2268-4896-9A1C-C158DC4CAC79}.Debug|x86.ActiveCfg = Debug|Any CPU
		{94A237F5-2268-4896-9A1C-C158DC4CAC79}.Release|Any CPU.ActiveCfg = Release|Any CPU
		{94A237F5-2268-4896-9A1C-C158DC4CAC79}.Release|Any CPU.Build.0 = Release|Any CPU
		{94A237F5-2268-4896-9A1C-C158DC4CAC79}.Release|Mixed Platforms.ActiveCfg = Release|Any CPU
		{94A237F5-2268-4896-9A1C-C158DC4CAC79}.Release|Mixed Platforms.Build.0 = Release|Any CPU
		{94A237F5-2268-4896-9A1C-C158DC4CAC79}.Release|Win32.ActiveCfg = Release|Any CPU
		{94A237F5-2268-4896-9A1C-C158DC4CAC79}.Release|x86.ActiveCfg = Release|Any CPU
		{23647F92-BCCE-49DE-88B5-13072A1480BC}.Debug|Any CPU.ActiveCfg = Debug|Any CPU
		{23647F92-BCCE-49DE-88B5-13072A1480BC}.Debug|Any CPU.Build.0 = Debug|Any CPU
		{23647F92-BCCE-49DE-88B5-13072A1480BC}.Debug|Mixed Platforms.ActiveCfg = Debug|Any CPU
		{23647F92-BCCE-49DE-88B5-13072A1480BC}.Debug|Mixed Platforms.Build.0 = Debug|Any CPU
		{23647F92-BCCE-49DE-88B5-13072A1480BC}.Debug|Win32.ActiveCfg = Debug|Any CPU
		{23647F92-BCCE-49DE-88B5-13072A1480BC}.Debug|x86.ActiveCfg = Debug|Any CPU
		{23647F92-BCCE-49DE-88B5-13072A1480BC}.Release|Any CPU.ActiveCfg = Release|Any CPU
		{23647F92-BCCE-49DE-88B5-13072A1480BC}.Release|Any CPU.Build.0 = Release|Any CPU
		{23647F92-BCCE-49DE-88B5-13072A1480BC}.Release|Mixed Platforms.ActiveCfg = Release|Any CPU
		{23647F92-BCCE-49DE-88B5-13072A1480BC}.Release|Mixed Platforms.Build.0 = Release|Any CPU
		{23647F92-BCCE-49DE-88B5-13072A1480BC}.Release|Win32.ActiveCfg = Release|Any CPU
		{23647F92-BCCE-49DE-88B5-13072A1480BC}.Release|x86.ActiveCfg = Release|Any CPU
		{5B0E83BF-FD0B-4FC0-8D3D-D704601337FD}.Debug|Any CPU.ActiveCfg = Debug|Any CPU
		{5B0E83BF-FD0B-4FC0-8D3D-D704601337FD}.Debug|Any CPU.Build.0 = Debug|Any CPU
		{5B0E83BF-FD0B-4FC0-8D3D-D704601337FD}.Debug|Mixed Platforms.ActiveCfg = Debug|Any CPU
		{5B0E83BF-FD0B-4FC0-8D3D-D704601337FD}.Debug|Mixed Platforms.Build.0 = Debug|Any CPU
		{5B0E83BF-FD0B-4FC0-8D3D-D704601337FD}.Debug|Win32.ActiveCfg = Debug|Any CPU
		{5B0E83BF-FD0B-4FC0-8D3D-D704601337FD}.Debug|x86.ActiveCfg = Debug|Any CPU
		{5B0E83BF-FD0B-4FC0-8D3D-D704601337FD}.Release|Any CPU.ActiveCfg = Release|Any CPU
		{5B0E83BF-FD0B-4FC0-8D3D-D704601337FD}.Release|Any CPU.Build.0 = Release|Any CPU
		{5B0E83BF-FD0B-4FC0-8D3D-D704601337FD}.Release|Mixed Platforms.ActiveCfg = Release|Any CPU
		{5B0E83BF-FD0B-4FC0-8D3D-D704601337FD}.Release|Mixed Platforms.Build.0 = Release|Any CPU
		{5B0E83BF-FD0B-4FC0-8D3D-D704601337FD}.Release|Win32.ActiveCfg = Release|Any CPU
		{5B0E83BF-FD0B-4FC0-8D3D-D704601337FD}.Release|x86.ActiveCfg = Release|Any CPU
		{C217717C-2A96-4843-849B-C5694663B6D0}.Debug|Any CPU.ActiveCfg = Debug|Any CPU
		{C217717C-2A96-4843-849B-C5694663B6D0}.Debug|Any CPU.Build.0 = Debug|Any CPU
		{C217717C-2A96-4843-849B-C5694663B6D0}.Debug|Mixed Platforms.ActiveCfg = Debug|Any CPU
		{C217717C-2A96-4843-849B-C5694663B6D0}.Debug|Mixed Platforms.Build.0 = Debug|Any CPU
		{C217717C-2A96-4843-849B-C5694663B6D0}.Debug|Win32.ActiveCfg = Debug|Any CPU
		{C217717C-2A96-4843-849B-C5694663B6D0}.Debug|x86.ActiveCfg = Debug|Any CPU
		{C217717C-2A96-4843-849B-C5694663B6D0}.Release|Any CPU.ActiveCfg = Release|Any CPU
		{C217717C-2A96-4843-849B-C5694663B6D0}.Release|Any CPU.Build.0 = Release|Any CPU
		{C217717C-2A96-4843-849B-C5694663B6D0}.Release|Mixed Platforms.ActiveCfg = Release|Any CPU
		{C217717C-2A96-4843-849B-C5694663B6D0}.Release|Mixed Platforms.Build.0 = Release|Any CPU
		{C217717C-2A96-4843-849B-C5694663B6D0}.Release|Win32.ActiveCfg = Release|Any CPU
		{C217717C-2A96-4843-849B-C5694663B6D0}.Release|x86.ActiveCfg = Release|Any CPU
		{8C594FCF-476D-4B50-9823-6E45F09D072B}.Debug|Any CPU.ActiveCfg = Debug|Any CPU
		{8C594FCF-476D-4B50-9823-6E45F09D072B}.Debug|Any CPU.Build.0 = Debug|Any CPU
		{8C594FCF-476D-4B50-9823-6E45F09D072B}.Debug|Mixed Platforms.ActiveCfg = Debug|Any CPU
		{8C594FCF-476D-4B50-9823-6E45F09D072B}.Debug|Mixed Platforms.Build.0 = Debug|Any CPU
		{8C594FCF-476D-4B50-9823-6E45F09D072B}.Debug|Win32.ActiveCfg = Debug|Any CPU
		{8C594FCF-476D-4B50-9823-6E45F09D072B}.Debug|x86.ActiveCfg = Debug|Any CPU
		{8C594FCF-476D-4B50-9823-6E45F09D072B}.Release|Any CPU.ActiveCfg = Release|Any CPU
		{8C594FCF-476D-4B50-9823-6E45F09D072B}.Release|Any CPU.Build.0 = Release|Any CPU
		{8C594FCF-476D-4B50-9823-6E45F09D072B}.Release|Mixed Platforms.ActiveCfg = Release|Any CPU
		{8C594FCF-476D-4B50-9823-6E45F09D072B}.Release|Mixed Platforms.Build.0 = Release|Any CPU
		{8C594FCF-476D-4B50-9823-6E45F09D072B}.Release|Win32.ActiveCfg = Release|Any CPU
		{8C594FCF-476D-4B50-9823-6E45F09D072B}.Release|x86.ActiveCfg = Release|Any CPU
		{1DDC4589-682A-439A-A46C-82FED1DD8578}.Debug|Any CPU.ActiveCfg = Debug|Any CPU
		{1DDC4589-682A-439A-A46C-82FED1DD8578}.Debug|Any CPU.Build.0 = Debug|Any CPU
		{1DDC4589-682A-439A-A46C-82FED1DD8578}.Debug|Mixed Platforms.ActiveCfg = Debug|Any CPU
		{1DDC4589-682A-439A-A46C-82FED1DD8578}.Debug|Mixed Platforms.Build.0 = Debug|Any CPU
		{1DDC4589-682A-439A-A46C-82FED1DD8578}.Debug|Win32.ActiveCfg = Debug|Any CPU
		{1DDC4589-682A-439A-A46C-82FED1DD8578}.Debug|x86.ActiveCfg = Debug|Any CPU
		{1DDC4589-682A-439A-A46C-82FED1DD8578}.Release|Any CPU.ActiveCfg = Release|Any CPU
		{1DDC4589-682A-439A-A46C-82FED1DD8578}.Release|Any CPU.Build.0 = Release|Any CPU
		{1DDC4589-682A-439A-A46C-82FED1DD8578}.Release|Mixed Platforms.ActiveCfg = Release|Any CPU
		{1DDC4589-682A-439A-A46C-82FED1DD8578}.Release|Mixed Platforms.Build.0 = Release|Any CPU
		{1DDC4589-682A-439A-A46C-82FED1DD8578}.Release|Win32.ActiveCfg = Release|Any CPU
		{1DDC4589-682A-439A-A46C-82FED1DD8578}.Release|x86.ActiveCfg = Release|Any CPU
		{8629D616-618D-4F89-B282-818A62D8B8E3}.Debug|Any CPU.ActiveCfg = Debug|Any CPU
		{8629D616-618D-4F89-B282-818A62D8B8E3}.Debug|Any CPU.Build.0 = Debug|Any CPU
		{8629D616-618D-4F89-B282-818A62D8B8E3}.Debug|Mixed Platforms.ActiveCfg = Debug|Any CPU
		{8629D616-618D-4F89-B282-818A62D8B8E3}.Debug|Mixed Platforms.Build.0 = Debug|Any CPU
		{8629D616-618D-4F89-B282-818A62D8B8E3}.Debug|Win32.ActiveCfg = Debug|Any CPU
		{8629D616-618D-4F89-B282-818A62D8B8E3}.Debug|x86.ActiveCfg = Debug|Any CPU
		{8629D616-618D-4F89-B282-818A62D8B8E3}.Release|Any CPU.ActiveCfg = Release|Any CPU
		{8629D616-618D-4F89-B282-818A62D8B8E3}.Release|Any CPU.Build.0 = Release|Any CPU
		{8629D616-618D-4F89-B282-818A62D8B8E3}.Release|Mixed Platforms.ActiveCfg = Release|Any CPU
		{8629D616-618D-4F89-B282-818A62D8B8E3}.Release|Mixed Platforms.Build.0 = Release|Any CPU
		{8629D616-618D-4F89-B282-818A62D8B8E3}.Release|Win32.ActiveCfg = Release|Any CPU
		{8629D616-618D-4F89-B282-818A62D8B8E3}.Release|x86.ActiveCfg = Release|Any CPU
		{781352D6-BC40-4E5C-A8B7-27AD0848651B}.Debug|Any CPU.ActiveCfg = Debug|Any CPU
		{781352D6-BC40-4E5C-A8B7-27AD0848651B}.Debug|Any CPU.Build.0 = Debug|Any CPU
		{781352D6-BC40-4E5C-A8B7-27AD0848651B}.Debug|Mixed Platforms.ActiveCfg = Debug|Any CPU
		{781352D6-BC40-4E5C-A8B7-27AD0848651B}.Debug|Mixed Platforms.Build.0 = Debug|Any CPU
		{781352D6-BC40-4E5C-A8B7-27AD0848651B}.Debug|Win32.ActiveCfg = Debug|Any CPU
		{781352D6-BC40-4E5C-A8B7-27AD0848651B}.Debug|x86.ActiveCfg = Debug|Any CPU
		{781352D6-BC40-4E5C-A8B7-27AD0848651B}.Release|Any CPU.ActiveCfg = Release|Any CPU
		{781352D6-BC40-4E5C-A8B7-27AD0848651B}.Release|Any CPU.Build.0 = Release|Any CPU
		{781352D6-BC40-4E5C-A8B7-27AD0848651B}.Release|Mixed Platforms.ActiveCfg = Release|Any CPU
		{781352D6-BC40-4E5C-A8B7-27AD0848651B}.Release|Mixed Platforms.Build.0 = Release|Any CPU
		{781352D6-BC40-4E5C-A8B7-27AD0848651B}.Release|Win32.ActiveCfg = Release|Any CPU
		{781352D6-BC40-4E5C-A8B7-27AD0848651B}.Release|x86.ActiveCfg = Release|Any CPU
		{51B00B4E-A793-492B-9F46-57B1D198E8DB}.Debug|Any CPU.ActiveCfg = Debug|Any CPU
		{51B00B4E-A793-492B-9F46-57B1D198E8DB}.Debug|Any CPU.Build.0 = Debug|Any CPU
		{51B00B4E-A793-492B-9F46-57B1D198E8DB}.Debug|Mixed Platforms.ActiveCfg = Debug|Any CPU
		{51B00B4E-A793-492B-9F46-57B1D198E8DB}.Debug|Mixed Platforms.Build.0 = Debug|Any CPU
		{51B00B4E-A793-492B-9F46-57B1D198E8DB}.Debug|Win32.ActiveCfg = Debug|Any CPU
		{51B00B4E-A793-492B-9F46-57B1D198E8DB}.Debug|x86.ActiveCfg = Debug|Any CPU
		{51B00B4E-A793-492B-9F46-57B1D198E8DB}.Release|Any CPU.ActiveCfg = Release|Any CPU
		{51B00B4E-A793-492B-9F46-57B1D198E8DB}.Release|Any CPU.Build.0 = Release|Any CPU
		{51B00B4E-A793-492B-9F46-57B1D198E8DB}.Release|Mixed Platforms.ActiveCfg = Release|Any CPU
		{51B00B4E-A793-492B-9F46-57B1D198E8DB}.Release|Mixed Platforms.Build.0 = Release|Any CPU
		{51B00B4E-A793-492B-9F46-57B1D198E8DB}.Release|Win32.ActiveCfg = Release|Any CPU
		{51B00B4E-A793-492B-9F46-57B1D198E8DB}.Release|x86.ActiveCfg = Release|Any CPU
		{7D31DFBA-EEBD-4D67-8621-A505D3580B6D}.Debug|Any CPU.ActiveCfg = Debug|x86
		{7D31DFBA-EEBD-4D67-8621-A505D3580B6D}.Debug|Mixed Platforms.ActiveCfg = Debug|x86
		{7D31DFBA-EEBD-4D67-8621-A505D3580B6D}.Debug|Mixed Platforms.Build.0 = Debug|x86
		{7D31DFBA-EEBD-4D67-8621-A505D3580B6D}.Debug|Win32.ActiveCfg = Debug|x86
		{7D31DFBA-EEBD-4D67-8621-A505D3580B6D}.Debug|x86.ActiveCfg = Debug|x86
		{7D31DFBA-EEBD-4D67-8621-A505D3580B6D}.Debug|x86.Build.0 = Debug|x86
		{7D31DFBA-EEBD-4D67-8621-A505D3580B6D}.Release|Any CPU.ActiveCfg = Release|x86
		{7D31DFBA-EEBD-4D67-8621-A505D3580B6D}.Release|Mixed Platforms.ActiveCfg = Release|x86
		{7D31DFBA-EEBD-4D67-8621-A505D3580B6D}.Release|Mixed Platforms.Build.0 = Release|x86
		{7D31DFBA-EEBD-4D67-8621-A505D3580B6D}.Release|Win32.ActiveCfg = Release|x86
		{7D31DFBA-EEBD-4D67-8621-A505D3580B6D}.Release|x86.ActiveCfg = Release|x86
		{7D31DFBA-EEBD-4D67-8621-A505D3580B6D}.Release|x86.Build.0 = Release|x86
	EndGlobalSection
	GlobalSection(SolutionProperties) = preSolution
		HideSolutionNode = FALSE
	EndGlobalSection
EndGlobal
